
Microsoft Visual Studio Solution File, Format Version 12.00
# Visual Studio Version 16
VisualStudioVersion = 16.0.31729.503
MinimumVisualStudioVersion = 10.0.40219.1
Project("{FAE04EC0-301F-11D3-BF4B-00C04F79EFBC}") = "FinalProject", "FinalProject\FinalProject.csproj", "{FC201C72-FBED-446E-AC9B-29543D911D16}"
EndProject
Global
	GlobalSection(SolutionConfigurationPlatforms) = preSolution
		Debug|Any CPU = Debug|Any CPU
		Release|Any CPU = Release|Any CPU
	EndGlobalSection
	GlobalSection(ProjectConfigurationPlatforms) = postSolution
		{FC201C72-FBED-446E-AC9B-29543D911D16}.Debug|Any CPU.ActiveCfg = Debug|Any CPU
		{FC201C72-FBED-446E-AC9B-29543D911D16}.Debug|Any CPU.Build.0 = Debug|Any CPU
		{FC201C72-FBED-446E-AC9B-29543D911D16}.Release|Any CPU.ActiveCfg = Release|Any CPU
		{FC201C72-FBED-446E-AC9B-29543D911D16}.Release|Any CPU.Build.0 = Release|Any CPU
	EndGlobalSection
	GlobalSection(SolutionProperties) = preSolution
		HideSolutionNode = FALSE
	EndGlobalSection
	GlobalSection(ExtensibilityGlobals) = postSolution
		SolutionGuid = {3AC5650D-90A2-4F0F-895E-588C704D68FD}
	EndGlobalSection
EndGlobal
